// !$*UTF8*$!
{
	archiveVersion = 1;
	classes = {};
	objectVersion = 56;
	objects = {

/* Begin PBXBuildFile section */
		A10000000000000000000001 /* PCAApp.swift in Sources */ = {isa = PBXBuildFile; fileRef = A10000000000000000000101 /* PCAApp.swift */; };
		A10000000000000000000002 /* ContentView.swift in Sources */ = {isa = PBXBuildFile; fileRef = A10000000000000000000102 /* ContentView.swift */; };
		A10000000000000000000003 /* PCATests.swift in Sources */ = {isa = PBXBuildFile; fileRef = A10000000000000000000103 /* PCATests.swift */; };
		B10000000000000000000002 /* ClassifierRuntimeBoundary.swift in Sources */ = {isa = PBXBuildFile; fileRef = B10000000000000000000001 /* ClassifierRuntimeBoundary.swift */; };
		B10000000000000000000089 /* AboutProtectionView.swift in Sources */ = {isa = PBXBuildFile; fileRef = B10000000000000000000088 /* AboutProtectionView.swift */; };
		B1000000000000000000008B /* AntiRemovalClaimCopy.swift in Sources */ = {isa = PBXBuildFile; fileRef = B1000000000000000000008A /* AntiRemovalClaimCopy.swift */; };
		B1000000000000000000008E /* ClassifierRuntimeBoundaryTests.swift in Sources */ = {isa = PBXBuildFile; fileRef = B1000000000000000000008D /* ClassifierRuntimeBoundaryTests.swift */; };
		B10000000000000000000090 /* AntiRemovalClaimCopyTests.swift in Sources */ = {isa = PBXBuildFile; fileRef = B1000000000000000000008F /* AntiRemovalClaimCopyTests.swift */; };
		B10000000000000000000005 /* CallbackObservationLog.swift in Sources */ = {isa = PBXBuildFile; fileRef = B10000000000000000000004 /* CallbackObservationLog.swift */; };
		B10000000000000000000007 /* DeviceActivityCallbackHealth.swift in Sources */ = {isa = PBXBuildFile; fileRef = B10000000000000000000006 /* DeviceActivityCallbackHealth.swift */; };
		B10000000000000000000009 /* DeviceActivityScheduleMapper.swift in Sources */ = {isa = PBXBuildFile; fileRef = B10000000000000000000008 /* DeviceActivityScheduleMapper.swift */; };
		B1000000000000000000000C /* ChildEnrollmentCoordinator.swift in Sources */ = {isa = PBXBuildFile; fileRef = B1000000000000000000000B /* ChildEnrollmentCoordinator.swift */; };
		B1000000000000000000000F /* ChildAuthorizationCenter.swift in Sources */ = {isa = PBXBuildFile; fileRef = B1000000000000000000000E /* ChildAuthorizationCenter.swift */; };
		B10000000000000000000011 /* ChildAuthorizationState.swift in Sources */ = {isa = PBXBuildFile; fileRef = B10000000000000000000010 /* ChildAuthorizationState.swift */; };
		B10000000000000000000013 /* FamilyActivitySelectionStore.swift in Sources */ = {isa = PBXBuildFile; fileRef = B10000000000000000000012 /* FamilyActivitySelectionStore.swift */; };
		B10000000000000000000016 /* FamilyKeyMaterialStore.swift in Sources */ = {isa = PBXBuildFile; fileRef = B10000000000000000000015 /* FamilyKeyMaterialStore.swift */; };
		B10000000000000000000018 /* KeychainStore.swift in Sources */ = {isa = PBXBuildFile; fileRef = B10000000000000000000017 /* KeychainStore.swift */; };
		B1000000000000000000001B /* LocationCapabilityAdapter.swift in Sources */ = {isa = PBXBuildFile; fileRef = B1000000000000000000001A /* LocationCapabilityAdapter.swift */; };
		B1000000000000000000001E /* EmergencySurface.swift in Sources */ = {isa = PBXBuildFile; fileRef = B1000000000000000000001D /* EmergencySurface.swift */; };
		B10000000000000000000020 /* ManagedSettingsAdapter.swift in Sources */ = {isa = PBXBuildFile; fileRef = B1000000000000000000001F /* ManagedSettingsAdapter.swift */; };
		B10000000000000000000022 /* ShieldSafetyValidator.swift in Sources */ = {isa = PBXBuildFile; fileRef = B10000000000000000000021 /* ShieldSafetyValidator.swift */; };
		B10000000000000000000025 /* ChildStatusSnapshot.swift in Sources */ = {isa = PBXBuildFile; fileRef = B10000000000000000000024 /* ChildStatusSnapshot.swift */; };
		B10000000000000000000028 /* PrayerNotificationScheduler.swift in Sources */ = {isa = PBXBuildFile; fileRef = B10000000000000000000027 /* PrayerNotificationScheduler.swift */; };
		B1000000000000000000002B /* RetentionWindow.swift in Sources */ = {isa = PBXBuildFile; fileRef = B1000000000000000000002A /* RetentionWindow.swift */; };
		B1000000000000000000002E /* ScheduleEngine.swift in Sources */ = {isa = PBXBuildFile; fileRef = B1000000000000000000002D /* ScheduleEngine.swift */; };
		B10000000000000000000030 /* ScheduleModels.swift in Sources */ = {isa = PBXBuildFile; fileRef = B1000000000000000000002F /* ScheduleModels.swift */; };
		B10000000000000000000033 /* PolicyApplicationGate.swift in Sources */ = {isa = PBXBuildFile; fileRef = B10000000000000000000032 /* PolicyApplicationGate.swift */; };
		B10000000000000000000035 /* PolicySyncSchema.swift in Sources */ = {isa = PBXBuildFile; fileRef = B10000000000000000000034 /* PolicySyncSchema.swift */; };
		B10000000000000000000037 /* SyncConnectionState.swift in Sources */ = {isa = PBXBuildFile; fileRef = B10000000000000000000036 /* SyncConnectionState.swift */; };
		B1000000000000000000003A /* YouTubeVisibilityMode.swift in Sources */ = {isa = PBXBuildFile; fileRef = B10000000000000000000039 /* YouTubeVisibilityMode.swift */; };
		B1000000000000000000003D /* CallbackObservationLogTests.swift in Sources */ = {isa = PBXBuildFile; fileRef = B1000000000000000000003C /* CallbackObservationLogTests.swift */; };
		B1000000000000000000003F /* ChildAuthorizationCenterTests.swift in Sources */ = {isa = PBXBuildFile; fileRef = B1000000000000000000003E /* ChildAuthorizationCenterTests.swift */; };
		B10000000000000000000041 /* DeviceActivityCallbackHealthTests.swift in Sources */ = {isa = PBXBuildFile; fileRef = B10000000000000000000040 /* DeviceActivityCallbackHealthTests.swift */; };
		B10000000000000000000043 /* EmergencyShieldFloorTests.swift in Sources */ = {isa = PBXBuildFile; fileRef = B10000000000000000000042 /* EmergencyShieldFloorTests.swift */; };
		B10000000000000000000045 /* KeychainStoreTests.swift in Sources */ = {isa = PBXBuildFile; fileRef = B10000000000000000000044 /* KeychainStoreTests.swift */; };
		B10000000000000000000047 /* LocationCapabilityAdapterTests.swift in Sources */ = {isa = PBXBuildFile; fileRef = B10000000000000000000046 /* LocationCapabilityAdapterTests.swift */; };
		B10000000000000000000049 /* PolicyApplicationGateTests.swift in Sources */ = {isa = PBXBuildFile; fileRef = B10000000000000000000048 /* PolicyApplicationGateTests.swift */; };
		B1000000000000000000004B /* PolicySyncDecoderTests.swift in Sources */ = {isa = PBXBuildFile; fileRef = B1000000000000000000004A /* PolicySyncDecoderTests.swift */; };
		B1000000000000000000004D /* RemainingAdaptersTests.swift in Sources */ = {isa = PBXBuildFile; fileRef = B1000000000000000000004C /* RemainingAdaptersTests.swift */; };
		B1000000000000000000004F /* RetentionWindowTests.swift in Sources */ = {isa = PBXBuildFile; fileRef = B1000000000000000000004E /* RetentionWindowTests.swift */; };
		B10000000000000000000051 /* ScheduleEngineTests.swift in Sources */ = {isa = PBXBuildFile; fileRef = B10000000000000000000050 /* ScheduleEngineTests.swift */; };
		B10000000000000000000053 /* ShieldSafetyValidatorTests.swift in Sources */ = {isa = PBXBuildFile; fileRef = B10000000000000000000052 /* ShieldSafetyValidatorTests.swift */; };
		B10000000000000000000055 /* SyncConnectionStateTests.swift in Sources */ = {isa = PBXBuildFile; fileRef = B10000000000000000000054 /* SyncConnectionStateTests.swift */; };
		B10000000000000000000057 /* DeviceActivityMonitorExtension.swift in Sources */ = {isa = PBXBuildFile; fileRef = B10000000000000000000056 /* DeviceActivityMonitorExtension.swift */; };
		B10000000000000000000065 /* PCADeviceActivityMonitor.appex in Embed App Extensions */ = {isa = PBXBuildFile; fileRef = B1000000000000000000005A /* PCADeviceActivityMonitor.appex */; settings = {ATTRIBUTES = (RemoveHeadersOnCopy, ); }; };
		B10000000000000000000067 /* ShieldConfigurationExtension.swift in Sources */ = {isa = PBXBuildFile; fileRef = B10000000000000000000066 /* ShieldConfigurationExtension.swift */; };
		B10000000000000000000075 /* PCAShieldConfiguration.appex in Embed App Extensions */ = {isa = PBXBuildFile; fileRef = B1000000000000000000006A /* PCAShieldConfiguration.appex */; settings = {ATTRIBUTES = (RemoveHeadersOnCopy, ); }; };
		B10000000000000000000077 /* ShieldActionExtension.swift in Sources */ = {isa = PBXBuildFile; fileRef = B10000000000000000000076 /* ShieldActionExtension.swift */; };
		B10000000000000000000085 /* PCAShieldAction.appex in Embed App Extensions */ = {isa = PBXBuildFile; fileRef = B1000000000000000000007A /* PCAShieldAction.appex */; settings = {ATTRIBUTES = (RemoveHeadersOnCopy, ); }; };
/* End PBXBuildFile section */

/* Begin PBXFileReference section */
		A10000000000000000000101 /* PCAApp.swift */ = {isa = PBXFileReference; lastKnownFileType = sourcecode.swift; path = PCAApp.swift; sourceTree = "<group>"; };
		A10000000000000000000102 /* ContentView.swift */ = {isa = PBXFileReference; lastKnownFileType = sourcecode.swift; path = ContentView.swift; sourceTree = "<group>"; };
		A10000000000000000000103 /* PCATests.swift */ = {isa = PBXFileReference; lastKnownFileType = sourcecode.swift; path = PCATests.swift; sourceTree = "<group>"; };
		A10000000000000000000104 /* PCA.app */ = {isa = PBXFileReference; explicitFileType = wrapper.application; includeInIndex = 0; path = PCA.app; sourceTree = BUILT_PRODUCTS_DIR; };
		A10000000000000000000105 /* PCATests.xctest */ = {isa = PBXFileReference; explicitFileType = wrapper.cfbundle; includeInIndex = 0; path = PCATests.xctest; sourceTree = BUILT_PRODUCTS_DIR; };
		B10000000000000000000001 /* ClassifierRuntimeBoundary.swift */ = {isa = PBXFileReference; lastKnownFileType = sourcecode.swift; path = ClassifierRuntimeBoundary.swift; sourceTree = "<group>"; };
		B10000000000000000000088 /* AboutProtectionView.swift */ = {isa = PBXFileReference; lastKnownFileType = sourcecode.swift; path = AboutProtectionView.swift; sourceTree = "<group>"; };
		B1000000000000000000008A /* AntiRemovalClaimCopy.swift */ = {isa = PBXFileReference; lastKnownFileType = sourcecode.swift; path = AntiRemovalClaimCopy.swift; sourceTree = "<group>"; };
		B1000000000000000000008D /* ClassifierRuntimeBoundaryTests.swift */ = {isa = PBXFileReference; lastKnownFileType = sourcecode.swift; path = ClassifierRuntimeBoundaryTests.swift; sourceTree = "<group>"; };
		B1000000000000000000008F /* AntiRemovalClaimCopyTests.swift */ = {isa = PBXFileReference; lastKnownFileType = sourcecode.swift; path = AntiRemovalClaimCopyTests.swift; sourceTree = "<group>"; };
		B10000000000000000000004 /* CallbackObservationLog.swift */ = {isa = PBXFileReference; lastKnownFileType = sourcecode.swift; path = CallbackObservationLog.swift; sourceTree = "<group>"; };
		B10000000000000000000006 /* DeviceActivityCallbackHealth.swift */ = {isa = PBXFileReference; lastKnownFileType = sourcecode.swift; path = DeviceActivityCallbackHealth.swift; sourceTree = "<group>"; };
		B10000000000000000000008 /* DeviceActivityScheduleMapper.swift */ = {isa = PBXFileReference; lastKnownFileType = sourcecode.swift; path = DeviceActivityScheduleMapper.swift; sourceTree = "<group>"; };
		B1000000000000000000000B /* ChildEnrollmentCoordinator.swift */ = {isa = PBXFileReference; lastKnownFileType = sourcecode.swift; path = ChildEnrollmentCoordinator.swift; sourceTree = "<group>"; };
		B1000000000000000000000E /* ChildAuthorizationCenter.swift */ = {isa = PBXFileReference; lastKnownFileType = sourcecode.swift; path = ChildAuthorizationCenter.swift; sourceTree = "<group>"; };
		B10000000000000000000010 /* ChildAuthorizationState.swift */ = {isa = PBXFileReference; lastKnownFileType = sourcecode.swift; path = ChildAuthorizationState.swift; sourceTree = "<group>"; };
		B10000000000000000000012 /* FamilyActivitySelectionStore.swift */ = {isa = PBXFileReference; lastKnownFileType = sourcecode.swift; path = FamilyActivitySelectionStore.swift; sourceTree = "<group>"; };
		B10000000000000000000015 /* FamilyKeyMaterialStore.swift */ = {isa = PBXFileReference; lastKnownFileType = sourcecode.swift; path = FamilyKeyMaterialStore.swift; sourceTree = "<group>"; };
		B10000000000000000000017 /* KeychainStore.swift */ = {isa = PBXFileReference; lastKnownFileType = sourcecode.swift; path = KeychainStore.swift; sourceTree = "<group>"; };
		B1000000000000000000001A /* LocationCapabilityAdapter.swift */ = {isa = PBXFileReference; lastKnownFileType = sourcecode.swift; path = LocationCapabilityAdapter.swift; sourceTree = "<group>"; };
		B1000000000000000000001D /* EmergencySurface.swift */ = {isa = PBXFileReference; lastKnownFileType = sourcecode.swift; path = EmergencySurface.swift; sourceTree = "<group>"; };
		B1000000000000000000001F /* ManagedSettingsAdapter.swift */ = {isa = PBXFileReference; lastKnownFileType = sourcecode.swift; path = ManagedSettingsAdapter.swift; sourceTree = "<group>"; };
		B10000000000000000000021 /* ShieldSafetyValidator.swift */ = {isa = PBXFileReference; lastKnownFileType = sourcecode.swift; path = ShieldSafetyValidator.swift; sourceTree = "<group>"; };
		B10000000000000000000024 /* ChildStatusSnapshot.swift */ = {isa = PBXFileReference; lastKnownFileType = sourcecode.swift; path = ChildStatusSnapshot.swift; sourceTree = "<group>"; };
		B10000000000000000000027 /* PrayerNotificationScheduler.swift */ = {isa = PBXFileReference; lastKnownFileType = sourcecode.swift; path = PrayerNotificationScheduler.swift; sourceTree = "<group>"; };
		B1000000000000000000002A /* RetentionWindow.swift */ = {isa = PBXFileReference; lastKnownFileType = sourcecode.swift; path = RetentionWindow.swift; sourceTree = "<group>"; };
		B1000000000000000000002D /* ScheduleEngine.swift */ = {isa = PBXFileReference; lastKnownFileType = sourcecode.swift; path = ScheduleEngine.swift; sourceTree = "<group>"; };
		B1000000000000000000002F /* ScheduleModels.swift */ = {isa = PBXFileReference; lastKnownFileType = sourcecode.swift; path = ScheduleModels.swift; sourceTree = "<group>"; };
		B10000000000000000000032 /* PolicyApplicationGate.swift */ = {isa = PBXFileReference; lastKnownFileType = sourcecode.swift; path = PolicyApplicationGate.swift; sourceTree = "<group>"; };
		B10000000000000000000034 /* PolicySyncSchema.swift */ = {isa = PBXFileReference; lastKnownFileType = sourcecode.swift; path = PolicySyncSchema.swift; sourceTree = "<group>"; };
		B10000000000000000000036 /* SyncConnectionState.swift */ = {isa = PBXFileReference; lastKnownFileType = sourcecode.swift; path = SyncConnectionState.swift; sourceTree = "<group>"; };
		B10000000000000000000039 /* YouTubeVisibilityMode.swift */ = {isa = PBXFileReference; lastKnownFileType = sourcecode.swift; path = YouTubeVisibilityMode.swift; sourceTree = "<group>"; };
		B1000000000000000000003C /* CallbackObservationLogTests.swift */ = {isa = PBXFileReference; lastKnownFileType = sourcecode.swift; path = CallbackObservationLogTests.swift; sourceTree = "<group>"; };
		B1000000000000000000003E /* ChildAuthorizationCenterTests.swift */ = {isa = PBXFileReference; lastKnownFileType = sourcecode.swift; path = ChildAuthorizationCenterTests.swift; sourceTree = "<group>"; };
		B10000000000000000000040 /* DeviceActivityCallbackHealthTests.swift */ = {isa = PBXFileReference; lastKnownFileType = sourcecode.swift; path = DeviceActivityCallbackHealthTests.swift; sourceTree = "<group>"; };
		B10000000000000000000042 /* EmergencyShieldFloorTests.swift */ = {isa = PBXFileReference; lastKnownFileType = sourcecode.swift; path = EmergencyShieldFloorTests.swift; sourceTree = "<group>"; };
		B10000000000000000000044 /* KeychainStoreTests.swift */ = {isa = PBXFileReference; lastKnownFileType = sourcecode.swift; path = KeychainStoreTests.swift; sourceTree = "<group>"; };
		B10000000000000000000046 /* LocationCapabilityAdapterTests.swift */ = {isa = PBXFileReference; lastKnownFileType = sourcecode.swift; path = LocationCapabilityAdapterTests.swift; sourceTree = "<group>"; };
		B10000000000000000000048 /* PolicyApplicationGateTests.swift */ = {isa = PBXFileReference; lastKnownFileType = sourcecode.swift; path = PolicyApplicationGateTests.swift; sourceTree = "<group>"; };
		B1000000000000000000004A /* PolicySyncDecoderTests.swift */ = {isa = PBXFileReference; lastKnownFileType = sourcecode.swift; path = PolicySyncDecoderTests.swift; sourceTree = "<group>"; };
		B1000000000000000000004C /* RemainingAdaptersTests.swift */ = {isa = PBXFileReference; lastKnownFileType = sourcecode.swift; path = RemainingAdaptersTests.swift; sourceTree = "<group>"; };
		B1000000000000000000004E /* RetentionWindowTests.swift */ = {isa = PBXFileReference; lastKnownFileType = sourcecode.swift; path = RetentionWindowTests.swift; sourceTree = "<group>"; };
		B10000000000000000000050 /* ScheduleEngineTests.swift */ = {isa = PBXFileReference; lastKnownFileType = sourcecode.swift; path = ScheduleEngineTests.swift; sourceTree = "<group>"; };
		B10000000000000000000052 /* ShieldSafetyValidatorTests.swift */ = {isa = PBXFileReference; lastKnownFileType = sourcecode.swift; path = ShieldSafetyValidatorTests.swift; sourceTree = "<group>"; };
		B10000000000000000000054 /* SyncConnectionStateTests.swift */ = {isa = PBXFileReference; lastKnownFileType = sourcecode.swift; path = SyncConnectionStateTests.swift; sourceTree = "<group>"; };
		B10000000000000000000056 /* DeviceActivityMonitorExtension.swift */ = {isa = PBXFileReference; lastKnownFileType = sourcecode.swift; path = DeviceActivityMonitorExtension.swift; sourceTree = "<group>"; };
		B10000000000000000000058 /* Info.plist */ = {isa = PBXFileReference; lastKnownFileType = text.plist.xml; path = Info.plist; sourceTree = "<group>"; };
		B10000000000000000000059 /* PCADeviceActivityMonitor.entitlements */ = {isa = PBXFileReference; lastKnownFileType = text.plist.entitlements; path = PCADeviceActivityMonitor.entitlements; sourceTree = "<group>"; };
		B1000000000000000000005A /* PCADeviceActivityMonitor.appex */ = {isa = PBXFileReference; explicitFileType = "wrapper.app-extension"; includeInIndex = 0; path = PCADeviceActivityMonitor.appex; sourceTree = BUILT_PRODUCTS_DIR; };
		B10000000000000000000066 /* ShieldConfigurationExtension.swift */ = {isa = PBXFileReference; lastKnownFileType = sourcecode.swift; path = ShieldConfigurationExtension.swift; sourceTree = "<group>"; };
		B10000000000000000000068 /* Info.plist */ = {isa = PBXFileReference; lastKnownFileType = text.plist.xml; path = Info.plist; sourceTree = "<group>"; };
		B10000000000000000000069 /* PCAShieldConfiguration.entitlements */ = {isa = PBXFileReference; lastKnownFileType = text.plist.entitlements; path = PCAShieldConfiguration.entitlements; sourceTree = "<group>"; };
		B1000000000000000000006A /* PCAShieldConfiguration.appex */ = {isa = PBXFileReference; explicitFileType = "wrapper.app-extension"; includeInIndex = 0; path = PCAShieldConfiguration.appex; sourceTree = BUILT_PRODUCTS_DIR; };
		B10000000000000000000076 /* ShieldActionExtension.swift */ = {isa = PBXFileReference; lastKnownFileType = sourcecode.swift; path = ShieldActionExtension.swift; sourceTree = "<group>"; };
		B10000000000000000000078 /* Info.plist */ = {isa = PBXFileReference; lastKnownFileType = text.plist.xml; path = Info.plist; sourceTree = "<group>"; };
		B10000000000000000000079 /* PCAShieldAction.entitlements */ = {isa = PBXFileReference; lastKnownFileType = text.plist.entitlements; path = PCAShieldAction.entitlements; sourceTree = "<group>"; };
		B1000000000000000000007A /* PCAShieldAction.appex */ = {isa = PBXFileReference; explicitFileType = "wrapper.app-extension"; includeInIndex = 0; path = PCAShieldAction.appex; sourceTree = BUILT_PRODUCTS_DIR; };
		B10000000000000000000087 /* PCA.entitlements */ = {isa = PBXFileReference; lastKnownFileType = text.plist.entitlements; path = PCA.entitlements; sourceTree = "<group>"; };
/* End PBXFileReference section */

/* Begin PBXFrameworksBuildPhase section */
		A10000000000000000000201 /* Frameworks */ = {isa = PBXFrameworksBuildPhase; buildActionMask = 2147483647; files = (); runOnlyForDeploymentPostprocessing = 0; };
		A10000000000000000000202 /* Frameworks */ = {isa = PBXFrameworksBuildPhase; buildActionMask = 2147483647; files = (); runOnlyForDeploymentPostprocessing = 0; };
		B1000000000000000000005D /* Frameworks */ = {isa = PBXFrameworksBuildPhase; buildActionMask = 2147483647; files = (); runOnlyForDeploymentPostprocessing = 0; };
		B1000000000000000000006D /* Frameworks */ = {isa = PBXFrameworksBuildPhase; buildActionMask = 2147483647; files = (); runOnlyForDeploymentPostprocessing = 0; };
		B1000000000000000000007D /* Frameworks */ = {isa = PBXFrameworksBuildPhase; buildActionMask = 2147483647; files = (); runOnlyForDeploymentPostprocessing = 0; };
/* End PBXFrameworksBuildPhase section */

/* Begin PBXCopyFilesBuildPhase section */
		B10000000000000000000086 /* Embed App Extensions */ = {isa = PBXCopyFilesBuildPhase; buildActionMask = 2147483647; dstPath = ""; dstSubfolderSpec = 13; files = (B10000000000000000000065 /* PCADeviceActivityMonitor.appex in Embed App Extensions */, B10000000000000000000075 /* PCAShieldConfiguration.appex in Embed App Extensions */, B10000000000000000000085 /* PCAShieldAction.appex in Embed App Extensions */); name = "Embed App Extensions"; runOnlyForDeploymentPostprocessing = 0; };
/* End PBXCopyFilesBuildPhase section */

/* Begin PBXGroup section */
		A10000000000000000000301 = {isa = PBXGroup; children = (A10000000000000000000302 /* PCA */, A10000000000000000000303 /* PCATests */, B1000000000000000000005B /* PCADeviceActivityMonitor */, B1000000000000000000006B /* PCAShieldConfiguration */, B1000000000000000000007B /* PCAShieldAction */, A10000000000000000000304 /* Products */); sourceTree = "<group>"; };
		A10000000000000000000302 /* PCA */ = {isa = PBXGroup; children = (A10000000000000000000101 /* PCAApp.swift */, A10000000000000000000102 /* ContentView.swift */, B10000000000000000000003 /* AI */, B1000000000000000000000A /* DeviceActivity */, B1000000000000000000000D /* Enrollment */, B10000000000000000000014 /* FamilyControls */, B10000000000000000000019 /* Keychain */, B1000000000000000000001C /* Location */, B10000000000000000000023 /* ManagedSettings */, B10000000000000000000026 /* ParentStatus */, B10000000000000000000029 /* Prayer */, B1000000000000000000008C /* Protection */, B1000000000000000000002C /* Retention */, B10000000000000000000031 /* Schedule */, B10000000000000000000038 /* Sync */, B1000000000000000000003B /* YouTube */); path = PCA; sourceTree = "<group>"; };
		A10000000000000000000303 /* PCATests */ = {isa = PBXGroup; children = (A10000000000000000000103 /* PCATests.swift */, B1000000000000000000003C /* CallbackObservationLogTests.swift */, B1000000000000000000003E /* ChildAuthorizationCenterTests.swift */, B10000000000000000000040 /* DeviceActivityCallbackHealthTests.swift */, B10000000000000000000042 /* EmergencyShieldFloorTests.swift */, B10000000000000000000044 /* KeychainStoreTests.swift */, B10000000000000000000046 /* LocationCapabilityAdapterTests.swift */, B10000000000000000000048 /* PolicyApplicationGateTests.swift */, B1000000000000000000004A /* PolicySyncDecoderTests.swift */, B1000000000000000000004C /* RemainingAdaptersTests.swift */, B1000000000000000000004E /* RetentionWindowTests.swift */, B10000000000000000000050 /* ScheduleEngineTests.swift */, B10000000000000000000052 /* ShieldSafetyValidatorTests.swift */, B10000000000000000000054 /* SyncConnectionStateTests.swift */, B1000000000000000000008D /* ClassifierRuntimeBoundaryTests.swift */, B1000000000000000000008F /* AntiRemovalClaimCopyTests.swift */); path = PCATests; sourceTree = "<group>"; };
		A10000000000000000000304 /* Products */ = {isa = PBXGroup; children = (A10000000000000000000104 /* PCA.app */, A10000000000000000000105 /* PCATests.xctest */, B1000000000000000000005A /* PCADeviceActivityMonitor.appex */, B1000000000000000000006A /* PCAShieldConfiguration.appex */, B1000000000000000000007A /* PCAShieldAction.appex */); name = Products; sourceTree = "<group>"; };
		B10000000000000000000003 /* AI */ = {isa = PBXGroup; children = (B10000000000000000000001 /* ClassifierRuntimeBoundary.swift */); path = AI; sourceTree = "<group>"; };
		B1000000000000000000008C /* Protection */ = {isa = PBXGroup; children = (B10000000000000000000088 /* AboutProtectionView.swift */, B1000000000000000000008A /* AntiRemovalClaimCopy.swift */); path = Protection; sourceTree = "<group>"; };
		B1000000000000000000000A /* DeviceActivity */ = {isa = PBXGroup; children = (B10000000000000000000004 /* CallbackObservationLog.swift */, B10000000000000000000006 /* DeviceActivityCallbackHealth.swift */, B10000000000000000000008 /* DeviceActivityScheduleMapper.swift */); path = DeviceActivity; sourceTree = "<group>"; };
		B1000000000000000000000D /* Enrollment */ = {isa = PBXGroup; children = (B1000000000000000000000B /* ChildEnrollmentCoordinator.swift */); path = Enrollment; sourceTree = "<group>"; };
		B10000000000000000000014 /* FamilyControls */ = {isa = PBXGroup; children = (B1000000000000000000000E /* ChildAuthorizationCenter.swift */, B10000000000000000000010 /* ChildAuthorizationState.swift */, B10000000000000000000012 /* FamilyActivitySelectionStore.swift */); path = FamilyControls; sourceTree = "<group>"; };
		B10000000000000000000019 /* Keychain */ = {isa = PBXGroup; children = (B10000000000000000000015 /* FamilyKeyMaterialStore.swift */, B10000000000000000000017 /* KeychainStore.swift */); path = Keychain; sourceTree = "<group>"; };
		B1000000000000000000001C /* Location */ = {isa = PBXGroup; children = (B1000000000000000000001A /* LocationCapabilityAdapter.swift */); path = Location; sourceTree = "<group>"; };
		B10000000000000000000023 /* ManagedSettings */ = {isa = PBXGroup; children = (B1000000000000000000001D /* EmergencySurface.swift */, B1000000000000000000001F /* ManagedSettingsAdapter.swift */, B10000000000000000000021 /* ShieldSafetyValidator.swift */); path = ManagedSettings; sourceTree = "<group>"; };
		B10000000000000000000026 /* ParentStatus */ = {isa = PBXGroup; children = (B10000000000000000000024 /* ChildStatusSnapshot.swift */); path = ParentStatus; sourceTree = "<group>"; };
		B10000000000000000000029 /* Prayer */ = {isa = PBXGroup; children = (B10000000000000000000027 /* PrayerNotificationScheduler.swift */); path = Prayer; sourceTree = "<group>"; };
		B1000000000000000000002C /* Retention */ = {isa = PBXGroup; children = (B1000000000000000000002A /* RetentionWindow.swift */); path = Retention; sourceTree = "<group>"; };
		B10000000000000000000031 /* Schedule */ = {isa = PBXGroup; children = (B1000000000000000000002D /* ScheduleEngine.swift */, B1000000000000000000002F /* ScheduleModels.swift */); path = Schedule; sourceTree = "<group>"; };
		B10000000000000000000038 /* Sync */ = {isa = PBXGroup; children = (B10000000000000000000032 /* PolicyApplicationGate.swift */, B10000000000000000000034 /* PolicySyncSchema.swift */, B10000000000000000000036 /* SyncConnectionState.swift */); path = Sync; sourceTree = "<group>"; };
		B1000000000000000000003B /* YouTube */ = {isa = PBXGroup; children = (B10000000000000000000039 /* YouTubeVisibilityMode.swift */); path = YouTube; sourceTree = "<group>"; };
		B1000000000000000000005B /* PCADeviceActivityMonitor */ = {isa = PBXGroup; children = (B10000000000000000000056 /* DeviceActivityMonitorExtension.swift */, B10000000000000000000058 /* Info.plist */, B10000000000000000000059 /* PCADeviceActivityMonitor.entitlements */); path = PCADeviceActivityMonitor; sourceTree = "<group>"; };
		B1000000000000000000006B /* PCAShieldConfiguration */ = {isa = PBXGroup; children = (B10000000000000000000066 /* ShieldConfigurationExtension.swift */, B10000000000000000000068 /* Info.plist */, B10000000000000000000069 /* PCAShieldConfiguration.entitlements */); path = PCAShieldConfiguration; sourceTree = "<group>"; };
		B1000000000000000000007B /* PCAShieldAction */ = {isa = PBXGroup; children = (B10000000000000000000076 /* ShieldActionExtension.swift */, B10000000000000000000078 /* Info.plist */, B10000000000000000000079 /* PCAShieldAction.entitlements */); path = PCAShieldAction; sourceTree = "<group>"; };
/* End PBXGroup section */

/* Begin PBXNativeTarget section */
		A10000000000000000000401 /* PCA */ = {isa = PBXNativeTarget; buildConfigurationList = A10000000000000000000501 /* Build configuration list for PBXNativeTarget \"PCA\" */; buildPhases = (A10000000000000000000601 /* Sources */, A10000000000000000000201 /* Frameworks */, A10000000000000000000701 /* Resources */, B10000000000000000000086 /* Embed App Extensions */); buildRules = (); dependencies = (B10000000000000000000064 /* PBXTargetDependency */, B10000000000000000000074 /* PBXTargetDependency */, B10000000000000000000084 /* PBXTargetDependency */); name = PCA; productName = PCA; productReference = A10000000000000000000104 /* PCA.app */; productType = "com.apple.product-type.application"; };
		A10000000000000000000402 /* PCATests */ = {isa = PBXNativeTarget; buildConfigurationList = A10000000000000000000502 /* Build configuration list for PBXNativeTarget \"PCATests\" */; buildPhases = (A10000000000000000000602 /* Sources */, A10000000000000000000202 /* Frameworks */, A10000000000000000000702 /* Resources */); buildRules = (); dependencies = (A10000000000000000000801 /* PBXTargetDependency */); name = PCATests; productName = PCATests; productReference = A10000000000000000000105 /* PCATests.xctest */; productType = "com.apple.product-type.bundle.unit-test"; };
		B1000000000000000000005F /* PCADeviceActivityMonitor */ = {isa = PBXNativeTarget; buildConfigurationList = B10000000000000000000062 /* Build configuration list for PBXNativeTarget \"PCADeviceActivityMonitor\" */; buildPhases = (B1000000000000000000005C /* Sources */, B1000000000000000000005D /* Frameworks */, B1000000000000000000005E /* Resources */); buildRules = (); dependencies = (); name = PCADeviceActivityMonitor; productName = PCADeviceActivityMonitor; productReference = B1000000000000000000005A /* PCADeviceActivityMonitor.appex */; productType = "com.apple.product-type.app-extension"; };
		B1000000000000000000006F /* PCAShieldConfiguration */ = {isa = PBXNativeTarget; buildConfigurationList = B10000000000000000000072 /* Build configuration list for PBXNativeTarget \"PCAShieldConfiguration\" */; buildPhases = (B1000000000000000000006C /* Sources */, B1000000000000000000006D /* Frameworks */, B1000000000000000000006E /* Resources */); buildRules = (); dependencies = (); name = PCAShieldConfiguration; productName = PCAShieldConfiguration; productReference = B1000000000000000000006A /* PCAShieldConfiguration.appex */; productType = "com.apple.product-type.app-extension"; };
		B1000000000000000000007F /* PCAShieldAction */ = {isa = PBXNativeTarget; buildConfigurationList = B10000000000000000000082 /* Build configuration list for PBXNativeTarget \"PCAShieldAction\" */; buildPhases = (B1000000000000000000007C /* Sources */, B1000000000000000000007D /* Frameworks */, B1000000000000000000007E /* Resources */); buildRules = (); dependencies = (); name = PCAShieldAction; productName = PCAShieldAction; productReference = B1000000000000000000007A /* PCAShieldAction.appex */; productType = "com.apple.product-type.app-extension"; };
/* End PBXNativeTarget section */

/* Begin PBXProject section */
		A10000000000000000000901 /* Project object */ = {isa = PBXProject; attributes = {LastSwiftUpdateCheck = 1500; LastUpgradeCheck = 1500; TargetAttributes = {A10000000000000000000401 = {CreatedOnToolsVersion = 15.0;}; A10000000000000000000402 = {CreatedOnToolsVersion = 15.0; TestTargetID = A10000000000000000000401;}; B1000000000000000000005F = {CreatedOnToolsVersion = 15.0;}; B1000000000000000000006F = {CreatedOnToolsVersion = 15.0;}; B1000000000000000000007F = {CreatedOnToolsVersion = 15.0;};};}; buildConfigurationList = A10000000000000000000503 /* Build configuration list for PBXProject \"PCA\" */; compatibilityVersion = "Xcode 14.0"; developmentRegion = en; hasScannedForEncodings = 0; knownRegions = (en, Base, ar); mainGroup = A10000000000000000000301; productRefGroup = A10000000000000000000304 /* Products */; projectDirPath = ""; projectRoot = ""; targets = (A10000000000000000000401 /* PCA */, A10000000000000000000402 /* PCATests */, B1000000000000000000005F /* PCADeviceActivityMonitor */, B1000000000000000000006F /* PCAShieldConfiguration */, B1000000000000000000007F /* PCAShieldAction */); };
/* End PBXProject section */

/* Begin PBXResourcesBuildPhase section */
		A10000000000000000000701 /* Resources */ = {isa = PBXResourcesBuildPhase; buildActionMask = 2147483647; files = (); runOnlyForDeploymentPostprocessing = 0; };
		A10000000000000000000702 /* Resources */ = {isa = PBXResourcesBuildPhase; buildActionMask = 2147483647; files = (); runOnlyForDeploymentPostprocessing = 0; };
		B1000000000000000000005E /* Resources */ = {isa = PBXResourcesBuildPhase; buildActionMask = 2147483647; files = (); runOnlyForDeploymentPostprocessing = 0; };
		B1000000000000000000006E /* Resources */ = {isa = PBXResourcesBuildPhase; buildActionMask = 2147483647; files = (); runOnlyForDeploymentPostprocessing = 0; };
		B1000000000000000000007E /* Resources */ = {isa = PBXResourcesBuildPhase; buildActionMask = 2147483647; files = (); runOnlyForDeploymentPostprocessing = 0; };
/* End PBXResourcesBuildPhase section */

/* Begin PBXSourcesBuildPhase section */
		A10000000000000000000601 /* Sources */ = {isa = PBXSourcesBuildPhase; buildActionMask = 2147483647; files = (A10000000000000000000001 /* PCAApp.swift in Sources */, A10000000000000000000002 /* ContentView.swift in Sources */, B10000000000000000000002 /* ClassifierRuntimeBoundary.swift in Sources */, B10000000000000000000005 /* CallbackObservationLog.swift in Sources */, B10000000000000000000007 /* DeviceActivityCallbackHealth.swift in Sources */, B10000000000000000000009 /* DeviceActivityScheduleMapper.swift in Sources */, B1000000000000000000000C /* ChildEnrollmentCoordinator.swift in Sources */, B1000000000000000000000F /* ChildAuthorizationCenter.swift in Sources */, B10000000000000000000011 /* ChildAuthorizationState.swift in Sources */, B10000000000000000000013 /* FamilyActivitySelectionStore.swift in Sources */, B10000000000000000000016 /* FamilyKeyMaterialStore.swift in Sources */, B10000000000000000000018 /* KeychainStore.swift in Sources */, B1000000000000000000001B /* LocationCapabilityAdapter.swift in Sources */, B1000000000000000000001E /* EmergencySurface.swift in Sources */, B10000000000000000000020 /* ManagedSettingsAdapter.swift in Sources */, B10000000000000000000022 /* ShieldSafetyValidator.swift in Sources */, B10000000000000000000025 /* ChildStatusSnapshot.swift in Sources */, B10000000000000000000028 /* PrayerNotificationScheduler.swift in Sources */, B1000000000000000000002B /* RetentionWindow.swift in Sources */, B1000000000000000000002E /* ScheduleEngine.swift in Sources */, B10000000000000000000030 /* ScheduleModels.swift in Sources */, B10000000000000000000033 /* PolicyApplicationGate.swift in Sources */, B10000000000000000000035 /* PolicySyncSchema.swift in Sources */, B10000000000000000000037 /* SyncConnectionState.swift in Sources */, B1000000000000000000003A /* YouTubeVisibilityMode.swift in Sources */, B10000000000000000000089 /* AboutProtectionView.swift in Sources */, B1000000000000000000008B /* AntiRemovalClaimCopy.swift in Sources */); runOnlyForDeploymentPostprocessing = 0; };
		A10000000000000000000602 /* Sources */ = {isa = PBXSourcesBuildPhase; buildActionMask = 2147483647; files = (A10000000000000000000003 /* PCATests.swift in Sources */, B1000000000000000000003D /* CallbackObservationLogTests.swift in Sources */, B1000000000000000000003F /* ChildAuthorizationCenterTests.swift in Sources */, B10000000000000000000041 /* DeviceActivityCallbackHealthTests.swift in Sources */, B10000000000000000000043 /* EmergencyShieldFloorTests.swift in Sources */, B10000000000000000000045 /* KeychainStoreTests.swift in Sources */, B10000000000000000000047 /* LocationCapabilityAdapterTests.swift in Sources */, B10000000000000000000049 /* PolicyApplicationGateTests.swift in Sources */, B1000000000000000000004B /* PolicySyncDecoderTests.swift in Sources */, B1000000000000000000004D /* RemainingAdaptersTests.swift in Sources */, B1000000000000000000004F /* RetentionWindowTests.swift in Sources */, B10000000000000000000051 /* ScheduleEngineTests.swift in Sources */, B10000000000000000000053 /* ShieldSafetyValidatorTests.swift in Sources */, B10000000000000000000055 /* SyncConnectionStateTests.swift in Sources */, B1000000000000000000008E /* ClassifierRuntimeBoundaryTests.swift in Sources */, B10000000000000000000090 /* AntiRemovalClaimCopyTests.swift in Sources */); runOnlyForDeploymentPostprocessing = 0; };
		B1000000000000000000005C /* Sources */ = {isa = PBXSourcesBuildPhase; buildActionMask = 2147483647; files = (B10000000000000000000057 /* DeviceActivityMonitorExtension.swift in Sources */); runOnlyForDeploymentPostprocessing = 0; };
		B1000000000000000000006C /* Sources */ = {isa = PBXSourcesBuildPhase; buildActionMask = 2147483647; files = (B10000000000000000000067 /* ShieldConfigurationExtension.swift in Sources */); runOnlyForDeploymentPostprocessing = 0; };
		B1000000000000000000007C /* Sources */ = {isa = PBXSourcesBuildPhase; buildActionMask = 2147483647; files = (B10000000000000000000077 /* ShieldActionExtension.swift in Sources */); runOnlyForDeploymentPostprocessing = 0; };
/* End PBXSourcesBuildPhase section */

/* Begin PBXTargetDependency section */
		A10000000000000000000801 /* PBXTargetDependency */ = {isa = PBXTargetDependency; target = A10000000000000000000401 /* PCA */; targetProxy = A10000000000000000000802 /* PBXContainerItemProxy */; };
		B10000000000000000000064 /* PBXTargetDependency */ = {isa = PBXTargetDependency; target = B1000000000000000000005F /* PCADeviceActivityMonitor */; targetProxy = B10000000000000000000063 /* PBXContainerItemProxy */; };
		B10000000000000000000074 /* PBXTargetDependency */ = {isa = PBXTargetDependency; target = B1000000000000000000006F /* PCAShieldConfiguration */; targetProxy = B10000000000000000000073 /* PBXContainerItemProxy */; };
		B10000000000000000000084 /* PBXTargetDependency */ = {isa = PBXTargetDependency; target = B1000000000000000000007F /* PCAShieldAction */; targetProxy = B10000000000000000000083 /* PBXContainerItemProxy */; };
/* End PBXTargetDependency section */

/* Begin PBXContainerItemProxy section */
		A10000000000000000000802 /* PBXContainerItemProxy */ = {isa = PBXContainerItemProxy; containerPortal = A10000000000000000000901 /* Project object */; proxyType = 1; remoteGlobalIDString = A10000000000000000000401; remoteInfo = PCA; };
		B10000000000000000000063 /* PBXContainerItemProxy */ = {isa = PBXContainerItemProxy; containerPortal = A10000000000000000000901 /* Project object */; proxyType = 1; remoteGlobalIDString = B1000000000000000000005F; remoteInfo = PCADeviceActivityMonitor; };
		B10000000000000000000073 /* PBXContainerItemProxy */ = {isa = PBXContainerItemProxy; containerPortal = A10000000000000000000901 /* Project object */; proxyType = 1; remoteGlobalIDString = B1000000000000000000006F; remoteInfo = PCAShieldConfiguration; };
		B10000000000000000000083 /* PBXContainerItemProxy */ = {isa = PBXContainerItemProxy; containerPortal = A10000000000000000000901 /* Project object */; proxyType = 1; remoteGlobalIDString = B1000000000000000000007F; remoteInfo = PCAShieldAction; };
/* End PBXContainerItemProxy section */

/* Begin XCBuildConfiguration section */
		A10000000000000000001001 /* Debug */ = {isa = XCBuildConfiguration; buildSettings = {ALWAYS_SEARCH_USER_PATHS = NO; CLANG_ENABLE_MODULES = YES; CLANG_ENABLE_OBJC_ARC = YES; COPY_PHASE_STRIP = NO; DEBUG_INFORMATION_FORMAT = dwarf; GCC_C_LANGUAGE_STANDARD = gnu17; GCC_NO_COMMON_BLOCKS = YES; GCC_OPTIMIZATION_LEVEL = 0; IPHONEOS_DEPLOYMENT_TARGET = 17.0; SDKROOT = iphoneos; SWIFT_OPTIMIZATION_LEVEL = "-Onone";}; name = Debug; };
		A10000000000000000001002 /* Release */ = {isa = XCBuildConfiguration; buildSettings = {ALWAYS_SEARCH_USER_PATHS = NO; CLANG_ENABLE_MODULES = YES; CLANG_ENABLE_OBJC_ARC = YES; COPY_PHASE_STRIP = NO; DEBUG_INFORMATION_FORMAT = "dwarf-with-dsym"; GCC_C_LANGUAGE_STANDARD = gnu17; GCC_NO_COMMON_BLOCKS = YES; IPHONEOS_DEPLOYMENT_TARGET = 17.0; SDKROOT = iphoneos; SWIFT_COMPILATION_MODE = wholemodule;}; name = Release; };
		A10000000000000000001003 /* Debug */ = {isa = XCBuildConfiguration; buildSettings = {ASSETCATALOG_COMPILER_APPICON_NAME = ""; CODE_SIGN_ENTITLEMENTS = PCA/PCA.entitlements; CODE_SIGN_STYLE = Automatic; "CODE_SIGNING_ALLOWED[sdk=iphonesimulator*]" = NO; CURRENT_PROJECT_VERSION = 1; GENERATE_INFOPLIST_FILE = YES; INFOPLIST_KEY_CFBundleDisplayName = PCA; IPHONEOS_DEPLOYMENT_TARGET = 17.0; MARKETING_VERSION = 0.1.0; PRODUCT_BUNDLE_IDENTIFIER = org.pca.app; SWIFT_VERSION = 5.0; TARGETED_DEVICE_FAMILY = "1,2";}; name = Debug; };
		A10000000000000000001004 /* Release */ = {isa = XCBuildConfiguration; buildSettings = {ASSETCATALOG_COMPILER_APPICON_NAME = ""; CODE_SIGN_ENTITLEMENTS = PCA/PCA.entitlements; CODE_SIGN_STYLE = Automatic; "CODE_SIGNING_ALLOWED[sdk=iphonesimulator*]" = NO; CURRENT_PROJECT_VERSION = 1; GENERATE_INFOPLIST_FILE = YES; INFOPLIST_KEY_CFBundleDisplayName = PCA; IPHONEOS_DEPLOYMENT_TARGET = 17.0; MARKETING_VERSION = 0.1.0; PRODUCT_BUNDLE_IDENTIFIER = org.pca.app; SWIFT_VERSION = 5.0; TARGETED_DEVICE_FAMILY = "1,2";}; name = Release; };
		A10000000000000000001005 /* Debug */ = {isa = XCBuildConfiguration; buildSettings = {BUNDLE_LOADER = "$(TEST_HOST)"; GENERATE_INFOPLIST_FILE = YES; IPHONEOS_DEPLOYMENT_TARGET = 17.0; PRODUCT_BUNDLE_IDENTIFIER = org.pca.app.tests; SWIFT_VERSION = 5.0; TEST_HOST = "$(BUILT_PRODUCTS_DIR)/PCA.app/$(BUNDLE_EXECUTABLE_FOLDER_PATH)/PCA";}; name = Debug; };
		A10000000000000000001006 /* Release */ = {isa = XCBuildConfiguration; buildSettings = {BUNDLE_LOADER = "$(TEST_HOST)"; GENERATE_INFOPLIST_FILE = YES; IPHONEOS_DEPLOYMENT_TARGET = 17.0; PRODUCT_BUNDLE_IDENTIFIER = org.pca.app.tests; SWIFT_VERSION = 5.0; TEST_HOST = "$(BUILT_PRODUCTS_DIR)/PCA.app/$(BUNDLE_EXECUTABLE_FOLDER_PATH)/PCA";}; name = Release; };
		B10000000000000000000060 /* Debug */ = {isa = XCBuildConfiguration; buildSettings = {CODE_SIGN_ENTITLEMENTS = PCADeviceActivityMonitor/PCADeviceActivityMonitor.entitlements; CODE_SIGN_STYLE = Automatic; CURRENT_PROJECT_VERSION = 1; GENERATE_INFOPLIST_FILE = NO; INFOPLIST_FILE = PCADeviceActivityMonitor/Info.plist; IPHONEOS_DEPLOYMENT_TARGET = 17.0; LD_RUNPATH_SEARCH_PATHS = "$(inherited) @executable_path/Frameworks @executable_path/../../Frameworks"; MARKETING_VERSION = 0.1.0; PRODUCT_BUNDLE_IDENTIFIER = org.pca.app.deviceactivitymonitor; PRODUCT_NAME = "$(TARGET_NAME)"; SKIP_INSTALL = YES; SWIFT_VERSION = 5.0; TARGETED_DEVICE_FAMILY = "1,2"; GCC_OPTIMIZATION_LEVEL = 0; SWIFT_OPTIMIZATION_LEVEL = "-Onone";}; name = Debug; };
		B10000000000000000000061 /* Release */ = {isa = XCBuildConfiguration; buildSettings = {CODE_SIGN_ENTITLEMENTS = PCADeviceActivityMonitor/PCADeviceActivityMonitor.entitlements; CODE_SIGN_STYLE = Automatic; CURRENT_PROJECT_VERSION = 1; GENERATE_INFOPLIST_FILE = NO; INFOPLIST_FILE = PCADeviceActivityMonitor/Info.plist; IPHONEOS_DEPLOYMENT_TARGET = 17.0; LD_RUNPATH_SEARCH_PATHS = "$(inherited) @executable_path/Frameworks @executable_path/../../Frameworks"; MARKETING_VERSION = 0.1.0; PRODUCT_BUNDLE_IDENTIFIER = org.pca.app.deviceactivitymonitor; PRODUCT_NAME = "$(TARGET_NAME)"; SKIP_INSTALL = YES; SWIFT_VERSION = 5.0; TARGETED_DEVICE_FAMILY = "1,2"; SWIFT_COMPILATION_MODE = wholemodule;}; name = Release; };
		B10000000000000000000070 /* Debug */ = {isa = XCBuildConfiguration; buildSettings = {CODE_SIGN_ENTITLEMENTS = PCAShieldConfiguration/PCAShieldConfiguration.entitlements; CODE_SIGN_STYLE = Automatic; CURRENT_PROJECT_VERSION = 1; GENERATE_INFOPLIST_FILE = NO; INFOPLIST_FILE = PCAShieldConfiguration/Info.plist; IPHONEOS_DEPLOYMENT_TARGET = 17.0; LD_RUNPATH_SEARCH_PATHS = "$(inherited) @executable_path/Frameworks @executable_path/../../Frameworks"; MARKETING_VERSION = 0.1.0; PRODUCT_BUNDLE_IDENTIFIER = org.pca.app.shieldconfiguration; PRODUCT_NAME = "$(TARGET_NAME)"; SKIP_INSTALL = YES; SWIFT_VERSION = 5.0; TARGETED_DEVICE_FAMILY = "1,2"; GCC_OPTIMIZATION_LEVEL = 0; SWIFT_OPTIMIZATION_LEVEL = "-Onone";}; name = Debug; };
		B10000000000000000000071 /* Release */ = {isa = XCBuildConfiguration; buildSettings = {CODE_SIGN_ENTITLEMENTS = PCAShieldConfiguration/PCAShieldConfiguration.entitlements; CODE_SIGN_STYLE = Automatic; CURRENT_PROJECT_VERSION = 1; GENERATE_INFOPLIST_FILE = NO; INFOPLIST_FILE = PCAShieldConfiguration/Info.plist; IPHONEOS_DEPLOYMENT_TARGET = 17.0; LD_RUNPATH_SEARCH_PATHS = "$(inherited) @executable_path/Frameworks @executable_path/../../Frameworks"; MARKETING_VERSION = 0.1.0; PRODUCT_BUNDLE_IDENTIFIER = org.pca.app.shieldconfiguration; PRODUCT_NAME = "$(TARGET_NAME)"; SKIP_INSTALL = YES; SWIFT_VERSION = 5.0; TARGETED_DEVICE_FAMILY = "1,2"; SWIFT_COMPILATION_MODE = wholemodule;}; name = Release; };
		B10000000000000000000080 /* Debug */ = {isa = XCBuildConfiguration; buildSettings = {CODE_SIGN_ENTITLEMENTS = PCAShieldAction/PCAShieldAction.entitlements; CODE_SIGN_STYLE = Automatic; CURRENT_PROJECT_VERSION = 1; GENERATE_INFOPLIST_FILE = NO; INFOPLIST_FILE = PCAShieldAction/Info.plist; IPHONEOS_DEPLOYMENT_TARGET = 17.0; LD_RUNPATH_SEARCH_PATHS = "$(inherited) @executable_path/Frameworks @executable_path/../../Frameworks"; MARKETING_VERSION = 0.1.0; PRODUCT_BUNDLE_IDENTIFIER = org.pca.app.shieldaction; PRODUCT_NAME = "$(TARGET_NAME)"; SKIP_INSTALL = YES; SWIFT_VERSION = 5.0; TARGETED_DEVICE_FAMILY = "1,2"; GCC_OPTIMIZATION_LEVEL = 0; SWIFT_OPTIMIZATION_LEVEL = "-Onone";}; name = Debug; };
		B10000000000000000000081 /* Release */ = {isa = XCBuildConfiguration; buildSettings = {CODE_SIGN_ENTITLEMENTS = PCAShieldAction/PCAShieldAction.entitlements; CODE_SIGN_STYLE = Automatic; CURRENT_PROJECT_VERSION = 1; GENERATE_INFOPLIST_FILE = NO; INFOPLIST_FILE = PCAShieldAction/Info.plist; IPHONEOS_DEPLOYMENT_TARGET = 17.0; LD_RUNPATH_SEARCH_PATHS = "$(inherited) @executable_path/Frameworks @executable_path/../../Frameworks"; MARKETING_VERSION = 0.1.0; PRODUCT_BUNDLE_IDENTIFIER = org.pca.app.shieldaction; PRODUCT_NAME = "$(TARGET_NAME)"; SKIP_INSTALL = YES; SWIFT_VERSION = 5.0; TARGETED_DEVICE_FAMILY = "1,2"; SWIFT_COMPILATION_MODE = wholemodule;}; name = Release; };
/* End XCBuildConfiguration section */

/* Begin XCConfigurationList section */
		A10000000000000000000501 /* Build configuration list for PBXNativeTarget \"PCA\" */ = {isa = XCConfigurationList; buildConfigurations = (A10000000000000000001003 /* Debug */, A10000000000000000001004 /* Release */); defaultConfigurationIsVisible = 0; defaultConfigurationName = Release; };
		A10000000000000000000502 /* Build configuration list for PBXNativeTarget \"PCATests\" */ = {isa = XCConfigurationList; buildConfigurations = (A10000000000000000001005 /* Debug */, A10000000000000000001006 /* Release */); defaultConfigurationIsVisible = 0; defaultConfigurationName = Release; };
		A10000000000000000000503 /* Build configuration list for PBXProject \"PCA\" */ = {isa = XCConfigurationList; buildConfigurations = (A10000000000000000001001 /* Debug */, A10000000000000000001002 /* Release */); defaultConfigurationIsVisible = 0; defaultConfigurationName = Release; };
		B10000000000000000000062 /* Build configuration list for PBXNativeTarget \"PCADeviceActivityMonitor\" */ = {isa = XCConfigurationList; buildConfigurations = (B10000000000000000000060 /* Debug */, B10000000000000000000061 /* Release */); defaultConfigurationIsVisible = 0; defaultConfigurationName = Release; };
		B10000000000000000000072 /* Build configuration list for PBXNativeTarget \"PCAShieldConfiguration\" */ = {isa = XCConfigurationList; buildConfigurations = (B10000000000000000000070 /* Debug */, B10000000000000000000071 /* Release */); defaultConfigurationIsVisible = 0; defaultConfigurationName = Release; };
		B10000000000000000000082 /* Build configuration list for PBXNativeTarget \"PCAShieldAction\" */ = {isa = XCConfigurationList; buildConfigurations = (B10000000000000000000080 /* Debug */, B10000000000000000000081 /* Release */); defaultConfigurationIsVisible = 0; defaultConfigurationName = Release; };
/* End XCConfigurationList section */
	};
	rootObject = A10000000000000000000901 /* Project object */;
}
